
Microsoft Visual Studio Solution File, Format Version 12.00
# Visual Studio 14
VisualStudioVersion = 14.0.25123.0
MinimumVisualStudioVersion = 10.0.40219.1
Project("{FAE04EC0-301F-11D3-BF4B-00C04F79EFBC}") = "01DefiningClassesProblem01", "01DefiningClassesProblem01\01DefiningClassesProblem01.csproj", "{5852574B-A610-4903-9BB4-2D6D0506A485}"
EndProject
Project("{FAE04EC0-301F-11D3-BF4B-00C04F79EFBC}") = "01DefiningClassesProblem04", "01DefiningClassesProblem04\01DefiningClassesProblem04.csproj", "{ED8CBC29-62A3-4B8C-924B-BC1229688A67}"
EndProject
Project("{FAE04EC0-301F-11D3-BF4B-00C04F79EFBC}") = "01DefiningClassesProblem05", "01DefiningClassesProblem05\01DefiningClassesProblem05.csproj", "{985B43E2-7284-4274-9E21-4F7025F6E6C5}"
EndProject
Project("{FAE04EC0-301F-11D3-BF4B-00C04F79EFBC}") = "05InheritanceProblem01", "05InheritanceProblem01\05InheritanceProblem01.csproj", "{8F1E9710-B9C9-44AA-88B7-A5315434FCF2}"
EndProject
Project("{FAE04EC0-301F-11D3-BF4B-00C04F79EFBC}") = "01DefiningClassesProblem02", "01DefiningClassesProblem02\01DefiningClassesProblem02.csproj", "{0CF202B9-1E26-4DF6-93A8-051284E1308B}"
EndProject
Project("{FAE04EC0-301F-11D3-BF4B-00C04F79EFBC}") = "01DefiningClassesProblem03", "01DefiningClassesProblem03\01DefiningClassesProblem03.csproj", "{3E1DD4CD-5B27-484E-9E4B-EF97EBD844CA}"
EndProject
Project("{FAE04EC0-301F-11D3-BF4B-00C04F79EFBC}") = "01DefiningClassesProblem06", "01DefiningClassesProblem06\01DefiningClassesProblem06.csproj", "{D3632E44-B019-4344-93F9-2377DDEC02C3}"
EndProject
Project("{FAE04EC0-301F-11D3-BF4B-00C04F79EFBC}") = "01DefiningClassesProblem07", "01DefiningClassesProblem07\01DefiningClassesProblem07.csproj", "{67808573-E943-48A2-9B6E-4262A461A567}"
EndProject
Project("{FAE04EC0-301F-11D3-BF4B-00C04F79EFBC}") = "02MethodsProblem01", "02MethodsProblem01\02MethodsProblem01.csproj", "{AD5A2D3D-25B4-4B0E-B245-2569D065820C}"
EndProject
Project("{FAE04EC0-301F-11D3-BF4B-00C04F79EFBC}") = "02MethodsProblem02", "02MethodsProblem02\02MethodsProblem02.csproj", "{5982F40C-6920-4047-84EA-4608CEDD236E}"
EndProject
Project("{FAE04EC0-301F-11D3-BF4B-00C04F79EFBC}") = "02MethodsProblem03", "02MethodsProblem03\02MethodsProblem03.csproj", "{E8EF3DCF-0FE5-44CF-869D-6C1782511470}"
EndProject
Project("{FAE04EC0-301F-11D3-BF4B-00C04F79EFBC}") = "02MethodsProblem04", "02MethodsProblem04\02MethodsProblem04.csproj", "{D5B97C68-5623-44D2-A7A8-4FDC1A80A671}"
EndProject
Project("{FAE04EC0-301F-11D3-BF4B-00C04F79EFBC}") = "03StaticMembersProblem01", "03StaticMembersProblem01\03StaticMembersProblem01.csproj", "{93EE28CE-7E1B-4CB9-9229-A2D5B696CBD7}"
EndProject
Project("{FAE04EC0-301F-11D3-BF4B-00C04F79EFBC}") = "03StaticMembersProblem07", "03StaticMembersProblem07\03StaticMembersProblem07.csproj", "{C5CD65C4-B453-4912-8B53-BE35255D54BE}"
EndProject
Global
	GlobalSection(SolutionConfigurationPlatforms) = preSolution
		Debug|Any CPU = Debug|Any CPU
		Release|Any CPU = Release|Any CPU
	EndGlobalSection
	GlobalSection(ProjectConfigurationPlatforms) = postSolution
		{5852574B-A610-4903-9BB4-2D6D0506A485}.Debug|Any CPU.ActiveCfg = Debug|Any CPU
		{5852574B-A610-4903-9BB4-2D6D0506A485}.Debug|Any CPU.Build.0 = Debug|Any CPU
		{5852574B-A610-4903-9BB4-2D6D0506A485}.Release|Any CPU.ActiveCfg = Release|Any CPU
		{5852574B-A610-4903-9BB4-2D6D0506A485}.Release|Any CPU.Build.0 = Release|Any CPU
		{ED8CBC29-62A3-4B8C-924B-BC1229688A67}.Debug|Any CPU.ActiveCfg = Debug|Any CPU
		{ED8CBC29-62A3-4B8C-924B-BC1229688A67}.Debug|Any CPU.Build.0 = Debug|Any CPU
		{ED8CBC29-62A3-4B8C-924B-BC1229688A67}.Release|Any CPU.ActiveCfg = Release|Any CPU
		{ED8CBC29-62A3-4B8C-924B-BC1229688A67}.Release|Any CPU.Build.0 = Release|Any CPU
		{985B43E2-7284-4274-9E21-4F7025F6E6C5}.Debug|Any CPU.ActiveCfg = Debug|Any CPU
		{985B43E2-7284-4274-9E21-4F7025F6E6C5}.Debug|Any CPU.Build.0 = Debug|Any CPU
		{985B43E2-7284-4274-9E21-4F7025F6E6C5}.Release|Any CPU.ActiveCfg = Release|Any CPU
		{985B43E2-7284-4274-9E21-4F7025F6E6C5}.Release|Any CPU.Build.0 = Release|Any CPU
		{8F1E9710-B9C9-44AA-88B7-A5315434FCF2}.Debug|Any CPU.ActiveCfg = Debug|Any CPU
		{8F1E9710-B9C9-44AA-88B7-A5315434FCF2}.Debug|Any CPU.Build.0 = Debug|Any CPU
		{8F1E9710-B9C9-44AA-88B7-A5315434FCF2}.Release|Any CPU.ActiveCfg = Release|Any CPU
		{8F1E9710-B9C9-44AA-88B7-A5315434FCF2}.Release|Any CPU.Build.0 = Release|Any CPU
		{0CF202B9-1E26-4DF6-93A8-051284E1308B}.Debug|Any CPU.ActiveCfg = Debug|Any CPU
		{0CF202B9-1E26-4DF6-93A8-051284E1308B}.Debug|Any CPU.Build.0 = Debug|Any CPU
		{0CF202B9-1E26-4DF6-93A8-051284E1308B}.Release|Any CPU.ActiveCfg = Release|Any CPU
		{0CF202B9-1E26-4DF6-93A8-051284E1308B}.Release|Any CPU.Build.0 = Release|Any CPU
		{3E1DD4CD-5B27-484E-9E4B-EF97EBD844CA}.Debug|Any CPU.ActiveCfg = Debug|Any CPU
		{3E1DD4CD-5B27-484E-9E4B-EF97EBD844CA}.Debug|Any CPU.Build.0 = Debug|Any CPU
		{3E1DD4CD-5B27-484E-9E4B-EF97EBD844CA}.Release|Any CPU.ActiveCfg = Release|Any CPU
		{3E1DD4CD-5B27-484E-9E4B-EF97EBD844CA}.Release|Any CPU.Build.0 = Release|Any CPU
		{D3632E44-B019-4344-93F9-2377DDEC02C3}.Debug|Any CPU.ActiveCfg = Debug|Any CPU
		{D3632E44-B019-4344-93F9-2377DDEC02C3}.Debug|Any CPU.Build.0 = Debug|Any CPU
		{D3632E44-B019-4344-93F9-2377DDEC02C3}.Release|Any CPU.ActiveCfg = Release|Any CPU
		{D3632E44-B019-4344-93F9-2377DDEC02C3}.Release|Any CPU.Build.0 = Release|Any CPU
		{67808573-E943-48A2-9B6E-4262A461A567}.Debug|Any CPU.ActiveCfg = Debug|Any CPU
		{67808573-E943-48A2-9B6E-4262A461A567}.Debug|Any CPU.Build.0 = Debug|Any CPU
		{67808573-E943-48A2-9B6E-4262A461A567}.Release|Any CPU.ActiveCfg = Release|Any CPU
		{67808573-E943-48A2-9B6E-4262A461A567}.Release|Any CPU.Build.0 = Release|Any CPU
		{AD5A2D3D-25B4-4B0E-B245-2569D065820C}.Debug|Any CPU.ActiveCfg = Debug|Any CPU
		{AD5A2D3D-25B4-4B0E-B245-2569D065820C}.Debug|Any CPU.Build.0 = Debug|Any CPU
		{AD5A2D3D-25B4-4B0E-B245-2569D065820C}.Release|Any CPU.ActiveCfg = Release|Any CPU
		{AD5A2D3D-25B4-4B0E-B245-2569D065820C}.Release|Any CPU.Build.0 = Release|Any CPU
		{5982F40C-6920-4047-84EA-4608CEDD236E}.Debug|Any CPU.ActiveCfg = Debug|Any CPU
		{5982F40C-6920-4047-84EA-4608CEDD236E}.Debug|Any CPU.Build.0 = Debug|Any CPU
		{5982F40C-6920-4047-84EA-4608CEDD236E}.Release|Any CPU.ActiveCfg = Release|Any CPU
		{5982F40C-6920-4047-84EA-4608CEDD236E}.Release|Any CPU.Build.0 = Release|Any CPU
		{E8EF3DCF-0FE5-44CF-869D-6C1782511470}.Debug|Any CPU.ActiveCfg = Debug|Any CPU
		{E8EF3DCF-0FE5-44CF-869D-6C1782511470}.Debug|Any CPU.Build.0 = Debug|Any CPU
		{E8EF3DCF-0FE5-44CF-869D-6C1782511470}.Release|Any CPU.ActiveCfg = Release|Any CPU
		{E8EF3DCF-0FE5-44CF-869D-6C1782511470}.Release|Any CPU.Build.0 = Release|Any CPU
		{D5B97C68-5623-44D2-A7A8-4FDC1A80A671}.Debug|Any CPU.ActiveCfg = Debug|Any CPU
		{D5B97C68-5623-44D2-A7A8-4FDC1A80A671}.Debug|Any CPU.Build.0 = Debug|Any CPU
		{D5B97C68-5623-44D2-A7A8-4FDC1A80A671}.Release|Any CPU.ActiveCfg = Release|Any CPU
		{D5B97C68-5623-44D2-A7A8-4FDC1A80A671}.Release|Any CPU.Build.0 = Release|Any CPU
		{93EE28CE-7E1B-4CB9-9229-A2D5B696CBD7}.Debug|Any CPU.ActiveCfg = Debug|Any CPU
		{93EE28CE-7E1B-4CB9-9229-A2D5B696CBD7}.Debug|Any CPU.Build.0 = Debug|Any CPU
		{93EE28CE-7E1B-4CB9-9229-A2D5B696CBD7}.Release|Any CPU.ActiveCfg = Release|Any CPU
		{93EE28CE-7E1B-4CB9-9229-A2D5B696CBD7}.Release|Any CPU.Build.0 = Release|Any CPU
		{C5CD65C4-B453-4912-8B53-BE35255D54BE}.Debug|Any CPU.ActiveCfg = Debug|Any CPU
		{C5CD65C4-B453-4912-8B53-BE35255D54BE}.Debug|Any CPU.Build.0 = Debug|Any CPU
		{C5CD65C4-B453-4912-8B53-BE35255D54BE}.Release|Any CPU.ActiveCfg = Release|Any CPU
		{C5CD65C4-B453-4912-8B53-BE35255D54BE}.Release|Any CPU.Build.0 = Release|Any CPU
	EndGlobalSection
	GlobalSection(SolutionProperties) = preSolution
		HideSolutionNode = FALSE
	EndGlobalSection
EndGlobal
