
Microsoft Visual Studio Solution File, Format Version 12.00
# Visual Studio 14
VisualStudioVersion = 14.0.25123.0
MinimumVisualStudioVersion = 10.0.40219.1
Project("{FAE04EC0-301F-11D3-BF4B-00C04F79EFBC}") = "20160619Problem01", "20160619Problem01\20160619Problem01.csproj", "{9C6002F6-DCE6-4526-AC08-AFF858E5FE84}"
EndProject
Project("{FAE04EC0-301F-11D3-BF4B-00C04F79EFBC}") = "20160619Problem02", "20160619Problem02\20160619Problem02.csproj", "{75CA1E77-AFEB-4E9B-ADDD-E8B0D79F2178}"
EndProject
Project("{FAE04EC0-301F-11D3-BF4B-00C04F79EFBC}") = "20160619Problem03", "20160619Problem03\20160619Problem03.csproj", "{30A0600D-179F-4124-91AC-8E03C943DD69}"
EndProject
Project("{FAE04EC0-301F-11D3-BF4B-00C04F79EFBC}") = "20160619Problem04", "20160619Problem04\20160619Problem04.csproj", "{4BAB5DF2-93AC-4C4F-A023-52E087D0321E}"
EndProject
Project("{FAE04EC0-301F-11D3-BF4B-00C04F79EFBC}") = "20160313Problem01", "20160313Problem01\20160313Problem01.csproj", "{7BFDEAD3-768C-4CDB-B96A-A59790B5267D}"
EndProject
Project("{FAE04EC0-301F-11D3-BF4B-00C04F79EFBC}") = "20160613Problem01", "20160613Problem01\20160613Problem01.csproj", "{FEB00B3D-6CA6-4EAB-A582-6BD61B32F7B1}"
EndProject
Project("{FAE04EC0-301F-11D3-BF4B-00C04F79EFBC}") = "20160613Problem02", "20160613Problem02\20160613Problem02.csproj", "{5C30071B-B021-4812-AD7A-91EC3F88D7EF}"
EndProject
Project("{FAE04EC0-301F-11D3-BF4B-00C04F79EFBC}") = "20160613Problem03", "20160613Problem03\20160613Problem03.csproj", "{64A5DB01-3E99-47D8-AAB7-92CFEA41DF87}"
EndProject
Project("{FAE04EC0-301F-11D3-BF4B-00C04F79EFBC}") = "20160613Problem04", "20160613Problem04\20160613Problem04.csproj", "{9B0541DB-40C6-4BF0-BD4A-C7365D95DB87}"
EndProject
Project("{FAE04EC0-301F-11D3-BF4B-00C04F79EFBC}") = "20160313Problem02", "20160313Problem02\20160313Problem02.csproj", "{E034BFB0-9888-456C-84F7-2DAFD1BE9507}"
EndProject
Project("{FAE04EC0-301F-11D3-BF4B-00C04F79EFBC}") = "20160822Problem01", "20160822Problem01\20160822Problem01.csproj", "{F93CE40C-F3AB-41D0-AA2E-2C37CEAC6C10}"
EndProject
Project("{FAE04EC0-301F-11D3-BF4B-00C04F79EFBC}") = "20160822Problem02", "20160822Problem02\20160822Problem02.csproj", "{C5577A50-DB15-4DD0-985D-C73F107B29AF}"
EndProject
Project("{FAE04EC0-301F-11D3-BF4B-00C04F79EFBC}") = "20160822Problem03", "20160822Problem03\20160822Problem03.csproj", "{207958B2-21DE-47B0-8569-70EDABE16BBB}"
EndProject
Project("{FAE04EC0-301F-11D3-BF4B-00C04F79EFBC}") = "20160822Problem04", "20160822Problem04\20160822Problem04.csproj", "{85B4A71B-BD5E-4E10-9AFA-48389386415C}"
EndProject
Global
	GlobalSection(SolutionConfigurationPlatforms) = preSolution
		Debug|Any CPU = Debug|Any CPU
		Release|Any CPU = Release|Any CPU
	EndGlobalSection
	GlobalSection(ProjectConfigurationPlatforms) = postSolution
		{9C6002F6-DCE6-4526-AC08-AFF858E5FE84}.Debug|Any CPU.ActiveCfg = Debug|Any CPU
		{9C6002F6-DCE6-4526-AC08-AFF858E5FE84}.Debug|Any CPU.Build.0 = Debug|Any CPU
		{9C6002F6-DCE6-4526-AC08-AFF858E5FE84}.Release|Any CPU.ActiveCfg = Release|Any CPU
		{9C6002F6-DCE6-4526-AC08-AFF858E5FE84}.Release|Any CPU.Build.0 = Release|Any CPU
		{75CA1E77-AFEB-4E9B-ADDD-E8B0D79F2178}.Debug|Any CPU.ActiveCfg = Debug|Any CPU
		{75CA1E77-AFEB-4E9B-ADDD-E8B0D79F2178}.Debug|Any CPU.Build.0 = Debug|Any CPU
		{75CA1E77-AFEB-4E9B-ADDD-E8B0D79F2178}.Release|Any CPU.ActiveCfg = Release|Any CPU
		{75CA1E77-AFEB-4E9B-ADDD-E8B0D79F2178}.Release|Any CPU.Build.0 = Release|Any CPU
		{30A0600D-179F-4124-91AC-8E03C943DD69}.Debug|Any CPU.ActiveCfg = Debug|Any CPU
		{30A0600D-179F-4124-91AC-8E03C943DD69}.Debug|Any CPU.Build.0 = Debug|Any CPU
		{30A0600D-179F-4124-91AC-8E03C943DD69}.Release|Any CPU.ActiveCfg = Release|Any CPU
		{30A0600D-179F-4124-91AC-8E03C943DD69}.Release|Any CPU.Build.0 = Release|Any CPU
		{4BAB5DF2-93AC-4C4F-A023-52E087D0321E}.Debug|Any CPU.ActiveCfg = Debug|Any CPU
		{4BAB5DF2-93AC-4C4F-A023-52E087D0321E}.Debug|Any CPU.Build.0 = Debug|Any CPU
		{4BAB5DF2-93AC-4C4F-A023-52E087D0321E}.Release|Any CPU.ActiveCfg = Release|Any CPU
		{4BAB5DF2-93AC-4C4F-A023-52E087D0321E}.Release|Any CPU.Build.0 = Release|Any CPU
		{7BFDEAD3-768C-4CDB-B96A-A59790B5267D}.Debug|Any CPU.ActiveCfg = Debug|Any CPU
		{7BFDEAD3-768C-4CDB-B96A-A59790B5267D}.Debug|Any CPU.Build.0 = Debug|Any CPU
		{7BFDEAD3-768C-4CDB-B96A-A59790B5267D}.Release|Any CPU.ActiveCfg = Release|Any CPU
		{7BFDEAD3-768C-4CDB-B96A-A59790B5267D}.Release|Any CPU.Build.0 = Release|Any CPU
		{FEB00B3D-6CA6-4EAB-A582-6BD61B32F7B1}.Debug|Any CPU.ActiveCfg = Debug|Any CPU
		{FEB00B3D-6CA6-4EAB-A582-6BD61B32F7B1}.Debug|Any CPU.Build.0 = Debug|Any CPU
		{FEB00B3D-6CA6-4EAB-A582-6BD61B32F7B1}.Release|Any CPU.ActiveCfg = Release|Any CPU
		{FEB00B3D-6CA6-4EAB-A582-6BD61B32F7B1}.Release|Any CPU.Build.0 = Release|Any CPU
		{5C30071B-B021-4812-AD7A-91EC3F88D7EF}.Debug|Any CPU.ActiveCfg = Debug|Any CPU
		{5C30071B-B021-4812-AD7A-91EC3F88D7EF}.Debug|Any CPU.Build.0 = Debug|Any CPU
		{5C30071B-B021-4812-AD7A-91EC3F88D7EF}.Release|Any CPU.ActiveCfg = Release|Any CPU
		{5C30071B-B021-4812-AD7A-91EC3F88D7EF}.Release|Any CPU.Build.0 = Release|Any CPU
		{64A5DB01-3E99-47D8-AAB7-92CFEA41DF87}.Debug|Any CPU.ActiveCfg = Debug|Any CPU
		{64A5DB01-3E99-47D8-AAB7-92CFEA41DF87}.Debug|Any CPU.Build.0 = Debug|Any CPU
		{64A5DB01-3E99-47D8-AAB7-92CFEA41DF87}.Release|Any CPU.ActiveCfg = Release|Any CPU
		{64A5DB01-3E99-47D8-AAB7-92CFEA41DF87}.Release|Any CPU.Build.0 = Release|Any CPU
		{9B0541DB-40C6-4BF0-BD4A-C7365D95DB87}.Debug|Any CPU.ActiveCfg = Debug|Any CPU
		{9B0541DB-40C6-4BF0-BD4A-C7365D95DB87}.Debug|Any CPU.Build.0 = Debug|Any CPU
		{9B0541DB-40C6-4BF0-BD4A-C7365D95DB87}.Release|Any CPU.ActiveCfg = Release|Any CPU
		{9B0541DB-40C6-4BF0-BD4A-C7365D95DB87}.Release|Any CPU.Build.0 = Release|Any CPU
		{E034BFB0-9888-456C-84F7-2DAFD1BE9507}.Debug|Any CPU.ActiveCfg = Debug|Any CPU
		{E034BFB0-9888-456C-84F7-2DAFD1BE9507}.Debug|Any CPU.Build.0 = Debug|Any CPU
		{E034BFB0-9888-456C-84F7-2DAFD1BE9507}.Release|Any CPU.ActiveCfg = Release|Any CPU
		{E034BFB0-9888-456C-84F7-2DAFD1BE9507}.Release|Any CPU.Build.0 = Release|Any CPU
		{F93CE40C-F3AB-41D0-AA2E-2C37CEAC6C10}.Debug|Any CPU.ActiveCfg = Debug|Any CPU
		{F93CE40C-F3AB-41D0-AA2E-2C37CEAC6C10}.Debug|Any CPU.Build.0 = Debug|Any CPU
		{F93CE40C-F3AB-41D0-AA2E-2C37CEAC6C10}.Release|Any CPU.ActiveCfg = Release|Any CPU
		{F93CE40C-F3AB-41D0-AA2E-2C37CEAC6C10}.Release|Any CPU.Build.0 = Release|Any CPU
		{C5577A50-DB15-4DD0-985D-C73F107B29AF}.Debug|Any CPU.ActiveCfg = Debug|Any CPU
		{C5577A50-DB15-4DD0-985D-C73F107B29AF}.Debug|Any CPU.Build.0 = Debug|Any CPU
		{C5577A50-DB15-4DD0-985D-C73F107B29AF}.Release|Any CPU.ActiveCfg = Release|Any CPU
		{C5577A50-DB15-4DD0-985D-C73F107B29AF}.Release|Any CPU.Build.0 = Release|Any CPU
		{207958B2-21DE-47B0-8569-70EDABE16BBB}.Debug|Any CPU.ActiveCfg = Debug|Any CPU
		{207958B2-21DE-47B0-8569-70EDABE16BBB}.Debug|Any CPU.Build.0 = Debug|Any CPU
		{207958B2-21DE-47B0-8569-70EDABE16BBB}.Release|Any CPU.ActiveCfg = Release|Any CPU
		{207958B2-21DE-47B0-8569-70EDABE16BBB}.Release|Any CPU.Build.0 = Release|Any CPU
		{85B4A71B-BD5E-4E10-9AFA-48389386415C}.Debug|Any CPU.ActiveCfg = Debug|Any CPU
		{85B4A71B-BD5E-4E10-9AFA-48389386415C}.Debug|Any CPU.Build.0 = Debug|Any CPU
		{85B4A71B-BD5E-4E10-9AFA-48389386415C}.Release|Any CPU.ActiveCfg = Release|Any CPU
		{85B4A71B-BD5E-4E10-9AFA-48389386415C}.Release|Any CPU.Build.0 = Release|Any CPU
	EndGlobalSection
	GlobalSection(SolutionProperties) = preSolution
		HideSolutionNode = FALSE
	EndGlobalSection
EndGlobal
