
Microsoft Visual Studio Solution File, Format Version 12.00
# Visual Studio 14
VisualStudioVersion = 14.0.25123.0
MinimumVisualStudioVersion = 10.0.40219.1
Project("{FAE04EC0-301F-11D3-BF4B-00C04F79EFBC}") = "Problem01ReverseNumbersWithAStack", "Problem01ReverseNumbersWithAStack\Problem01ReverseNumbersWithAStack.csproj", "{A8205C8F-5018-42A0-BD25-4AAA71A628F4}"
EndProject
Project("{FAE04EC0-301F-11D3-BF4B-00C04F79EFBC}") = "Problem02BasicStackOperations", "Problem02BasicStackOperations\Problem02BasicStackOperations.csproj", "{0853C803-EAA5-4192-8033-FC76D43C11E5}"
EndProject
Project("{FAE04EC0-301F-11D3-BF4B-00C04F79EFBC}") = "Problem03MaximumElement", "Problem03MaximumElement\Problem03MaximumElement.csproj", "{AB835559-E318-4F2A-988D-047ABC3E6C51}"
EndProject
Project("{FAE04EC0-301F-11D3-BF4B-00C04F79EFBC}") = "Problem04BasicQueueOperations", "Problem04BasicQueueOperations\Problem04BasicQueueOperations.csproj", "{085F78A5-88C4-42ED-9F4E-814A0B202E95}"
EndProject
Project("{FAE04EC0-301F-11D3-BF4B-00C04F79EFBC}") = "Problem05SequenceWithQueue", "Problem05SequenceWithQueue\Problem05SequenceWithQueue.csproj", "{68848693-995F-402B-A45B-C8457EF84F2B}"
EndProject
Project("{FAE04EC0-301F-11D3-BF4B-00C04F79EFBC}") = "Problem06TruckTour", "Problem06TruckTour\Problem06TruckTour.csproj", "{AEA0E1E7-C80C-4C3F-A801-CF614BCBDC9D}"
EndProject
Project("{FAE04EC0-301F-11D3-BF4B-00C04F79EFBC}") = "Problem07BalancedParentheses", "Problem07BalancedParentheses\Problem07BalancedParentheses.csproj", "{3F1FFC3A-F3A5-48BA-B567-F9C023A0825F}"
EndProject
Project("{FAE04EC0-301F-11D3-BF4B-00C04F79EFBC}") = "Problem08RecursiveFibonacci", "Problem08RecursiveFibonacci\Problem08RecursiveFibonacci.csproj", "{74654F08-D208-4B42-9E8D-393B1E109511}"
EndProject
Project("{FAE04EC0-301F-11D3-BF4B-00C04F79EFBC}") = "Problem09StackFibonacci", "Problem09StackFibonacci\Problem09StackFibonacci.csproj", "{F3DDA6D1-AA48-4294-995A-327D7E9063AB}"
EndProject
Project("{FAE04EC0-301F-11D3-BF4B-00C04F79EFBC}") = "Problem10SimpleTextEditor", "Problem10SimpleTextEditor\Problem10SimpleTextEditor.csproj", "{D1BA562C-30FA-4F07-87D3-C9B497779861}"
EndProject
Project("{FAE04EC0-301F-11D3-BF4B-00C04F79EFBC}") = "Problem11PoisonousPlants", "Problem11PoisonousPlants\Problem11PoisonousPlants.csproj", "{E6195E7D-59C2-40FF-A768-45050A93A8D8}"
EndProject
Global
	GlobalSection(SolutionConfigurationPlatforms) = preSolution
		Debug|Any CPU = Debug|Any CPU
		Release|Any CPU = Release|Any CPU
	EndGlobalSection
	GlobalSection(ProjectConfigurationPlatforms) = postSolution
		{A8205C8F-5018-42A0-BD25-4AAA71A628F4}.Debug|Any CPU.ActiveCfg = Debug|Any CPU
		{A8205C8F-5018-42A0-BD25-4AAA71A628F4}.Debug|Any CPU.Build.0 = Debug|Any CPU
		{A8205C8F-5018-42A0-BD25-4AAA71A628F4}.Release|Any CPU.ActiveCfg = Release|Any CPU
		{A8205C8F-5018-42A0-BD25-4AAA71A628F4}.Release|Any CPU.Build.0 = Release|Any CPU
		{0853C803-EAA5-4192-8033-FC76D43C11E5}.Debug|Any CPU.ActiveCfg = Debug|Any CPU
		{0853C803-EAA5-4192-8033-FC76D43C11E5}.Debug|Any CPU.Build.0 = Debug|Any CPU
		{0853C803-EAA5-4192-8033-FC76D43C11E5}.Release|Any CPU.ActiveCfg = Release|Any CPU
		{0853C803-EAA5-4192-8033-FC76D43C11E5}.Release|Any CPU.Build.0 = Release|Any CPU
		{AB835559-E318-4F2A-988D-047ABC3E6C51}.Debug|Any CPU.ActiveCfg = Debug|Any CPU
		{AB835559-E318-4F2A-988D-047ABC3E6C51}.Debug|Any CPU.Build.0 = Debug|Any CPU
		{AB835559-E318-4F2A-988D-047ABC3E6C51}.Release|Any CPU.ActiveCfg = Release|Any CPU
		{AB835559-E318-4F2A-988D-047ABC3E6C51}.Release|Any CPU.Build.0 = Release|Any CPU
		{085F78A5-88C4-42ED-9F4E-814A0B202E95}.Debug|Any CPU.ActiveCfg = Debug|Any CPU
		{085F78A5-88C4-42ED-9F4E-814A0B202E95}.Debug|Any CPU.Build.0 = Debug|Any CPU
		{085F78A5-88C4-42ED-9F4E-814A0B202E95}.Release|Any CPU.ActiveCfg = Release|Any CPU
		{085F78A5-88C4-42ED-9F4E-814A0B202E95}.Release|Any CPU.Build.0 = Release|Any CPU
		{68848693-995F-402B-A45B-C8457EF84F2B}.Debug|Any CPU.ActiveCfg = Debug|Any CPU
		{68848693-995F-402B-A45B-C8457EF84F2B}.Debug|Any CPU.Build.0 = Debug|Any CPU
		{68848693-995F-402B-A45B-C8457EF84F2B}.Release|Any CPU.ActiveCfg = Release|Any CPU
		{68848693-995F-402B-A45B-C8457EF84F2B}.Release|Any CPU.Build.0 = Release|Any CPU
		{AEA0E1E7-C80C-4C3F-A801-CF614BCBDC9D}.Debug|Any CPU.ActiveCfg = Debug|Any CPU
		{AEA0E1E7-C80C-4C3F-A801-CF614BCBDC9D}.Debug|Any CPU.Build.0 = Debug|Any CPU
		{AEA0E1E7-C80C-4C3F-A801-CF614BCBDC9D}.Release|Any CPU.ActiveCfg = Release|Any CPU
		{AEA0E1E7-C80C-4C3F-A801-CF614BCBDC9D}.Release|Any CPU.Build.0 = Release|Any CPU
		{3F1FFC3A-F3A5-48BA-B567-F9C023A0825F}.Debug|Any CPU.ActiveCfg = Debug|Any CPU
		{3F1FFC3A-F3A5-48BA-B567-F9C023A0825F}.Debug|Any CPU.Build.0 = Debug|Any CPU
		{3F1FFC3A-F3A5-48BA-B567-F9C023A0825F}.Release|Any CPU.ActiveCfg = Release|Any CPU
		{3F1FFC3A-F3A5-48BA-B567-F9C023A0825F}.Release|Any CPU.Build.0 = Release|Any CPU
		{74654F08-D208-4B42-9E8D-393B1E109511}.Debug|Any CPU.ActiveCfg = Debug|Any CPU
		{74654F08-D208-4B42-9E8D-393B1E109511}.Debug|Any CPU.Build.0 = Debug|Any CPU
		{74654F08-D208-4B42-9E8D-393B1E109511}.Release|Any CPU.ActiveCfg = Release|Any CPU
		{74654F08-D208-4B42-9E8D-393B1E109511}.Release|Any CPU.Build.0 = Release|Any CPU
		{F3DDA6D1-AA48-4294-995A-327D7E9063AB}.Debug|Any CPU.ActiveCfg = Debug|Any CPU
		{F3DDA6D1-AA48-4294-995A-327D7E9063AB}.Debug|Any CPU.Build.0 = Debug|Any CPU
		{F3DDA6D1-AA48-4294-995A-327D7E9063AB}.Release|Any CPU.ActiveCfg = Release|Any CPU
		{F3DDA6D1-AA48-4294-995A-327D7E9063AB}.Release|Any CPU.Build.0 = Release|Any CPU
		{D1BA562C-30FA-4F07-87D3-C9B497779861}.Debug|Any CPU.ActiveCfg = Debug|Any CPU
		{D1BA562C-30FA-4F07-87D3-C9B497779861}.Debug|Any CPU.Build.0 = Debug|Any CPU
		{D1BA562C-30FA-4F07-87D3-C9B497779861}.Release|Any CPU.ActiveCfg = Release|Any CPU
		{D1BA562C-30FA-4F07-87D3-C9B497779861}.Release|Any CPU.Build.0 = Release|Any CPU
		{E6195E7D-59C2-40FF-A768-45050A93A8D8}.Debug|Any CPU.ActiveCfg = Debug|Any CPU
		{E6195E7D-59C2-40FF-A768-45050A93A8D8}.Debug|Any CPU.Build.0 = Debug|Any CPU
		{E6195E7D-59C2-40FF-A768-45050A93A8D8}.Release|Any CPU.ActiveCfg = Release|Any CPU
		{E6195E7D-59C2-40FF-A768-45050A93A8D8}.Release|Any CPU.Build.0 = Release|Any CPU
	EndGlobalSection
	GlobalSection(SolutionProperties) = preSolution
		HideSolutionNode = FALSE
	EndGlobalSection
EndGlobal
