
Microsoft Visual Studio Solution File, Format Version 12.00
# Visual Studio 14
VisualStudioVersion = 14.0.25123.0
MinimumVisualStudioVersion = 10.0.40219.1
Project("{FAE04EC0-301F-11D3-BF4B-00C04F79EFBC}") = "01InterfacesAndAbstractionProblem01", "01InterfacesAndAbstractionProblem01\01InterfacesAndAbstractionProblem01.csproj", "{B09103BE-9666-4418-9A3F-FF856E1E6135}"
EndProject
Project("{FAE04EC0-301F-11D3-BF4B-00C04F79EFBC}") = "01InterfacesAndAbstractionProblem02", "01InterfacesAndAbstractionProblme02\01InterfacesAndAbstractionProblem02.csproj", "{294991C7-6987-4121-8024-D777193149EA}"
EndProject
Project("{FAE04EC0-301F-11D3-BF4B-00C04F79EFBC}") = "02GenericsProblem01", "02GenericsProblem01\02GenericsProblem01.csproj", "{75826699-E304-4B3F-BCDA-61463CB9679E}"
EndProject
Project("{FAE04EC0-301F-11D3-BF4B-00C04F79EFBC}") = "02GenericsProblem02", "02GenericsProblem02\02GenericsProblem02.csproj", "{55EF6FB3-E9CD-4D01-BE9A-5411CA6BE8BD}"
EndProject
Project("{FAE04EC0-301F-11D3-BF4B-00C04F79EFBC}") = "02GenericsProblem03", "02GenericsProblem03\02GenericsProblem03.csproj", "{AC3ABFEB-EA1A-4772-8FCE-CB74FFDFDFB0}"
EndProject
Project("{FAE04EC0-301F-11D3-BF4B-00C04F79EFBC}") = "02GenericsProblem04", "02GenericsProblem04\02GenericsProblem04.csproj", "{01007DE1-EA86-4615-9A9D-ECB56BB65CB0}"
EndProject
Project("{FAE04EC0-301F-11D3-BF4B-00C04F79EFBC}") = "02GenericsProblem05", "02GenericsProblem05\02GenericsProblem05.csproj", "{C07A6334-5B98-4BDC-9FCF-3252156C0593}"
EndProject
Project("{FAE04EC0-301F-11D3-BF4B-00C04F79EFBC}") = "02GenericsProblem06", "02GenericsProblem06\02GenericsProblem06.csproj", "{893F62AC-14F7-4C58-BFEE-6FEC3E2B28BE}"
EndProject
Project("{FAE04EC0-301F-11D3-BF4B-00C04F79EFBC}") = "02GenericsProblem07", "02GenericsProblem07\02GenericsProblem07.csproj", "{6912E4BC-12EC-44F3-BEE3-2196FEDAECF0}"
EndProject
Project("{FAE04EC0-301F-11D3-BF4B-00C04F79EFBC}") = "02GenericsProblem08", "02GenericsProblem08\02GenericsProblem08.csproj", "{5D10293E-B6AF-4F0A-A319-22196A85ABB6}"
EndProject
Project("{FAE04EC0-301F-11D3-BF4B-00C04F79EFBC}") = "01InterfacesAndAbstractionProblem03", "01InterfacesAndAbstractionProblem03\01InterfacesAndAbstractionProblem03.csproj", "{ED40AB84-8ED7-4220-ADB0-1C90E50AD121}"
EndProject
Project("{FAE04EC0-301F-11D3-BF4B-00C04F79EFBC}") = "01InterfacesAndAbstractionProblem04", "01InterfacesAndAbstractionProblem04\01InterfacesAndAbstractionProblem04.csproj", "{EA4519C6-F7F6-47AD-A594-EF25A202DEA8}"
EndProject
Project("{FAE04EC0-301F-11D3-BF4B-00C04F79EFBC}") = "03IteratorsAndComparatorsProblem01", "03IteratorsAndComparatorsProblem01\03IteratorsAndComparatorsProblem01.csproj", "{6F390E53-747F-4464-BACF-671F5DEE3D56}"
EndProject
Project("{FAE04EC0-301F-11D3-BF4B-00C04F79EFBC}") = "03IteratorsAndComparatorsProblem04", "03IteratorsAndComparatorsProblem04\03IteratorsAndComparatorsProblem04.csproj", "{248FE831-AAAF-4B08-80F4-18454558FC9F}"
EndProject
Project("{FAE04EC0-301F-11D3-BF4B-00C04F79EFBC}") = "03IteratorsAndComparatorsProblem02", "03IteratorsAndComparatorsProblem02\03IteratorsAndComparatorsProblem02.csproj", "{4E101B26-4A7F-4CD3-BEDB-9BB556559608}"
EndProject
Project("{FAE04EC0-301F-11D3-BF4B-00C04F79EFBC}") = "03IteratorsAndComparatorsProblem03", "03IteratorsAndComparatorsProblem03\03IteratorsAndComparatorsProblem03.csproj", "{AD80CB50-8673-4840-89ED-EE24D19CFFDE}"
EndProject
Project("{FAE04EC0-301F-11D3-BF4B-00C04F79EFBC}") = "03IteratorsAndComparatorsProblem05", "03IteratorsAndComparatorsProblem05\03IteratorsAndComparatorsProblem05.csproj", "{F3F18123-8388-4EF2-873D-80EEBE64F99C}"
EndProject
Project("{FAE04EC0-301F-11D3-BF4B-00C04F79EFBC}") = "03IteratorsAndComparatorsProblem06", "03IteratorsAndComparatorsProblem06\03IteratorsAndComparatorsProblem06.csproj", "{42706E1A-E291-4C0F-9E19-7A44DBCB6B8B}"
EndProject
Project("{FAE04EC0-301F-11D3-BF4B-00C04F79EFBC}") = "03IteratorsAndComparatorsProblem07", "03IteratorsAndComparatorsProblem07\03IteratorsAndComparatorsProblem07.csproj", "{C6D291D3-45C6-452D-AAD7-23175812BB27}"
EndProject
Project("{FAE04EC0-301F-11D3-BF4B-00C04F79EFBC}") = "04EnumerationsAndAttributesProblem01", "04EnumerationsAndAttributesProblem01\04EnumerationsAndAttributesProblem01.csproj", "{72D542BB-C032-4E84-B503-47FEDC3EB7C5}"
EndProject
Project("{FAE04EC0-301F-11D3-BF4B-00C04F79EFBC}") = "04EnumerationsAndAttributesProblem02", "04EnumerationsAndAttributesProblem02\04EnumerationsAndAttributesProblem02.csproj", "{F8534014-9873-40DF-A3AC-3778DA0CE14B}"
EndProject
Project("{FAE04EC0-301F-11D3-BF4B-00C04F79EFBC}") = "04EnumerationsAndAttributesProblem03", "04EnumerationsAndAttributesProblem03\04EnumerationsAndAttributesProblem03.csproj", "{C5E6093D-5394-41A8-956E-87C61C3C9FCA}"
EndProject
Project("{FAE04EC0-301F-11D3-BF4B-00C04F79EFBC}") = "04EnumerationsAndAttributesProblem04", "04EnumerationsAndAttributesProblem04\04EnumerationsAndAttributesProblem04.csproj", "{A21CEBE8-9E60-4559-B468-86C36AF2F941}"
EndProject
Project("{FAE04EC0-301F-11D3-BF4B-00C04F79EFBC}") = "01InterfacesAndAbstractionProblem05", "01InterfacesAndAbstractionProblem05\01InterfacesAndAbstractionProblem05.csproj", "{BD786615-F538-437B-AEA2-32A7C8E3B103}"
EndProject
Project("{FAE04EC0-301F-11D3-BF4B-00C04F79EFBC}") = "01InterfacesAndAbstractionProblem06", "01InterfacesAndAbstractionProblem06\01InterfacesAndAbstractionProblem06.csproj", "{A95DCACA-0D5C-4473-A609-124FD1B27930}"
EndProject
Global
	GlobalSection(SolutionConfigurationPlatforms) = preSolution
		Debug|Any CPU = Debug|Any CPU
		Release|Any CPU = Release|Any CPU
	EndGlobalSection
	GlobalSection(ProjectConfigurationPlatforms) = postSolution
		{B09103BE-9666-4418-9A3F-FF856E1E6135}.Debug|Any CPU.ActiveCfg = Debug|Any CPU
		{B09103BE-9666-4418-9A3F-FF856E1E6135}.Debug|Any CPU.Build.0 = Debug|Any CPU
		{B09103BE-9666-4418-9A3F-FF856E1E6135}.Release|Any CPU.ActiveCfg = Release|Any CPU
		{B09103BE-9666-4418-9A3F-FF856E1E6135}.Release|Any CPU.Build.0 = Release|Any CPU
		{294991C7-6987-4121-8024-D777193149EA}.Debug|Any CPU.ActiveCfg = Debug|Any CPU
		{294991C7-6987-4121-8024-D777193149EA}.Debug|Any CPU.Build.0 = Debug|Any CPU
		{294991C7-6987-4121-8024-D777193149EA}.Release|Any CPU.ActiveCfg = Release|Any CPU
		{294991C7-6987-4121-8024-D777193149EA}.Release|Any CPU.Build.0 = Release|Any CPU
		{75826699-E304-4B3F-BCDA-61463CB9679E}.Debug|Any CPU.ActiveCfg = Debug|Any CPU
		{75826699-E304-4B3F-BCDA-61463CB9679E}.Debug|Any CPU.Build.0 = Debug|Any CPU
		{75826699-E304-4B3F-BCDA-61463CB9679E}.Release|Any CPU.ActiveCfg = Release|Any CPU
		{75826699-E304-4B3F-BCDA-61463CB9679E}.Release|Any CPU.Build.0 = Release|Any CPU
		{55EF6FB3-E9CD-4D01-BE9A-5411CA6BE8BD}.Debug|Any CPU.ActiveCfg = Debug|Any CPU
		{55EF6FB3-E9CD-4D01-BE9A-5411CA6BE8BD}.Debug|Any CPU.Build.0 = Debug|Any CPU
		{55EF6FB3-E9CD-4D01-BE9A-5411CA6BE8BD}.Release|Any CPU.ActiveCfg = Release|Any CPU
		{55EF6FB3-E9CD-4D01-BE9A-5411CA6BE8BD}.Release|Any CPU.Build.0 = Release|Any CPU
		{AC3ABFEB-EA1A-4772-8FCE-CB74FFDFDFB0}.Debug|Any CPU.ActiveCfg = Debug|Any CPU
		{AC3ABFEB-EA1A-4772-8FCE-CB74FFDFDFB0}.Debug|Any CPU.Build.0 = Debug|Any CPU
		{AC3ABFEB-EA1A-4772-8FCE-CB74FFDFDFB0}.Release|Any CPU.ActiveCfg = Release|Any CPU
		{AC3ABFEB-EA1A-4772-8FCE-CB74FFDFDFB0}.Release|Any CPU.Build.0 = Release|Any CPU
		{01007DE1-EA86-4615-9A9D-ECB56BB65CB0}.Debug|Any CPU.ActiveCfg = Debug|Any CPU
		{01007DE1-EA86-4615-9A9D-ECB56BB65CB0}.Debug|Any CPU.Build.0 = Debug|Any CPU
		{01007DE1-EA86-4615-9A9D-ECB56BB65CB0}.Release|Any CPU.ActiveCfg = Release|Any CPU
		{01007DE1-EA86-4615-9A9D-ECB56BB65CB0}.Release|Any CPU.Build.0 = Release|Any CPU
		{C07A6334-5B98-4BDC-9FCF-3252156C0593}.Debug|Any CPU.ActiveCfg = Debug|Any CPU
		{C07A6334-5B98-4BDC-9FCF-3252156C0593}.Debug|Any CPU.Build.0 = Debug|Any CPU
		{C07A6334-5B98-4BDC-9FCF-3252156C0593}.Release|Any CPU.ActiveCfg = Release|Any CPU
		{C07A6334-5B98-4BDC-9FCF-3252156C0593}.Release|Any CPU.Build.0 = Release|Any CPU
		{893F62AC-14F7-4C58-BFEE-6FEC3E2B28BE}.Debug|Any CPU.ActiveCfg = Debug|Any CPU
		{893F62AC-14F7-4C58-BFEE-6FEC3E2B28BE}.Debug|Any CPU.Build.0 = Debug|Any CPU
		{893F62AC-14F7-4C58-BFEE-6FEC3E2B28BE}.Release|Any CPU.ActiveCfg = Release|Any CPU
		{893F62AC-14F7-4C58-BFEE-6FEC3E2B28BE}.Release|Any CPU.Build.0 = Release|Any CPU
		{6912E4BC-12EC-44F3-BEE3-2196FEDAECF0}.Debug|Any CPU.ActiveCfg = Debug|Any CPU
		{6912E4BC-12EC-44F3-BEE3-2196FEDAECF0}.Debug|Any CPU.Build.0 = Debug|Any CPU
		{6912E4BC-12EC-44F3-BEE3-2196FEDAECF0}.Release|Any CPU.ActiveCfg = Release|Any CPU
		{6912E4BC-12EC-44F3-BEE3-2196FEDAECF0}.Release|Any CPU.Build.0 = Release|Any CPU
		{5D10293E-B6AF-4F0A-A319-22196A85ABB6}.Debug|Any CPU.ActiveCfg = Debug|Any CPU
		{5D10293E-B6AF-4F0A-A319-22196A85ABB6}.Debug|Any CPU.Build.0 = Debug|Any CPU
		{5D10293E-B6AF-4F0A-A319-22196A85ABB6}.Release|Any CPU.ActiveCfg = Release|Any CPU
		{5D10293E-B6AF-4F0A-A319-22196A85ABB6}.Release|Any CPU.Build.0 = Release|Any CPU
		{ED40AB84-8ED7-4220-ADB0-1C90E50AD121}.Debug|Any CPU.ActiveCfg = Debug|Any CPU
		{ED40AB84-8ED7-4220-ADB0-1C90E50AD121}.Debug|Any CPU.Build.0 = Debug|Any CPU
		{ED40AB84-8ED7-4220-ADB0-1C90E50AD121}.Release|Any CPU.ActiveCfg = Release|Any CPU
		{ED40AB84-8ED7-4220-ADB0-1C90E50AD121}.Release|Any CPU.Build.0 = Release|Any CPU
		{EA4519C6-F7F6-47AD-A594-EF25A202DEA8}.Debug|Any CPU.ActiveCfg = Debug|Any CPU
		{EA4519C6-F7F6-47AD-A594-EF25A202DEA8}.Debug|Any CPU.Build.0 = Debug|Any CPU
		{EA4519C6-F7F6-47AD-A594-EF25A202DEA8}.Release|Any CPU.ActiveCfg = Release|Any CPU
		{EA4519C6-F7F6-47AD-A594-EF25A202DEA8}.Release|Any CPU.Build.0 = Release|Any CPU
		{6F390E53-747F-4464-BACF-671F5DEE3D56}.Debug|Any CPU.ActiveCfg = Debug|Any CPU
		{6F390E53-747F-4464-BACF-671F5DEE3D56}.Debug|Any CPU.Build.0 = Debug|Any CPU
		{6F390E53-747F-4464-BACF-671F5DEE3D56}.Release|Any CPU.ActiveCfg = Release|Any CPU
		{6F390E53-747F-4464-BACF-671F5DEE3D56}.Release|Any CPU.Build.0 = Release|Any CPU
		{248FE831-AAAF-4B08-80F4-18454558FC9F}.Debug|Any CPU.ActiveCfg = Debug|Any CPU
		{248FE831-AAAF-4B08-80F4-18454558FC9F}.Debug|Any CPU.Build.0 = Debug|Any CPU
		{248FE831-AAAF-4B08-80F4-18454558FC9F}.Release|Any CPU.ActiveCfg = Release|Any CPU
		{248FE831-AAAF-4B08-80F4-18454558FC9F}.Release|Any CPU.Build.0 = Release|Any CPU
		{4E101B26-4A7F-4CD3-BEDB-9BB556559608}.Debug|Any CPU.ActiveCfg = Debug|Any CPU
		{4E101B26-4A7F-4CD3-BEDB-9BB556559608}.Debug|Any CPU.Build.0 = Debug|Any CPU
		{4E101B26-4A7F-4CD3-BEDB-9BB556559608}.Release|Any CPU.ActiveCfg = Release|Any CPU
		{4E101B26-4A7F-4CD3-BEDB-9BB556559608}.Release|Any CPU.Build.0 = Release|Any CPU
		{AD80CB50-8673-4840-89ED-EE24D19CFFDE}.Debug|Any CPU.ActiveCfg = Debug|Any CPU
		{AD80CB50-8673-4840-89ED-EE24D19CFFDE}.Debug|Any CPU.Build.0 = Debug|Any CPU
		{AD80CB50-8673-4840-89ED-EE24D19CFFDE}.Release|Any CPU.ActiveCfg = Release|Any CPU
		{AD80CB50-8673-4840-89ED-EE24D19CFFDE}.Release|Any CPU.Build.0 = Release|Any CPU
		{F3F18123-8388-4EF2-873D-80EEBE64F99C}.Debug|Any CPU.ActiveCfg = Debug|Any CPU
		{F3F18123-8388-4EF2-873D-80EEBE64F99C}.Debug|Any CPU.Build.0 = Debug|Any CPU
		{F3F18123-8388-4EF2-873D-80EEBE64F99C}.Release|Any CPU.ActiveCfg = Release|Any CPU
		{F3F18123-8388-4EF2-873D-80EEBE64F99C}.Release|Any CPU.Build.0 = Release|Any CPU
		{42706E1A-E291-4C0F-9E19-7A44DBCB6B8B}.Debug|Any CPU.ActiveCfg = Debug|Any CPU
		{42706E1A-E291-4C0F-9E19-7A44DBCB6B8B}.Debug|Any CPU.Build.0 = Debug|Any CPU
		{42706E1A-E291-4C0F-9E19-7A44DBCB6B8B}.Release|Any CPU.ActiveCfg = Release|Any CPU
		{42706E1A-E291-4C0F-9E19-7A44DBCB6B8B}.Release|Any CPU.Build.0 = Release|Any CPU
		{C6D291D3-45C6-452D-AAD7-23175812BB27}.Debug|Any CPU.ActiveCfg = Debug|Any CPU
		{C6D291D3-45C6-452D-AAD7-23175812BB27}.Debug|Any CPU.Build.0 = Debug|Any CPU
		{C6D291D3-45C6-452D-AAD7-23175812BB27}.Release|Any CPU.ActiveCfg = Release|Any CPU
		{C6D291D3-45C6-452D-AAD7-23175812BB27}.Release|Any CPU.Build.0 = Release|Any CPU
		{72D542BB-C032-4E84-B503-47FEDC3EB7C5}.Debug|Any CPU.ActiveCfg = Debug|Any CPU
		{72D542BB-C032-4E84-B503-47FEDC3EB7C5}.Debug|Any CPU.Build.0 = Debug|Any CPU
		{72D542BB-C032-4E84-B503-47FEDC3EB7C5}.Release|Any CPU.ActiveCfg = Release|Any CPU
		{72D542BB-C032-4E84-B503-47FEDC3EB7C5}.Release|Any CPU.Build.0 = Release|Any CPU
		{F8534014-9873-40DF-A3AC-3778DA0CE14B}.Debug|Any CPU.ActiveCfg = Debug|Any CPU
		{F8534014-9873-40DF-A3AC-3778DA0CE14B}.Debug|Any CPU.Build.0 = Debug|Any CPU
		{F8534014-9873-40DF-A3AC-3778DA0CE14B}.Release|Any CPU.ActiveCfg = Release|Any CPU
		{F8534014-9873-40DF-A3AC-3778DA0CE14B}.Release|Any CPU.Build.0 = Release|Any CPU
		{C5E6093D-5394-41A8-956E-87C61C3C9FCA}.Debug|Any CPU.ActiveCfg = Debug|Any CPU
		{C5E6093D-5394-41A8-956E-87C61C3C9FCA}.Debug|Any CPU.Build.0 = Debug|Any CPU
		{C5E6093D-5394-41A8-956E-87C61C3C9FCA}.Release|Any CPU.ActiveCfg = Release|Any CPU
		{C5E6093D-5394-41A8-956E-87C61C3C9FCA}.Release|Any CPU.Build.0 = Release|Any CPU
		{A21CEBE8-9E60-4559-B468-86C36AF2F941}.Debug|Any CPU.ActiveCfg = Debug|Any CPU
		{A21CEBE8-9E60-4559-B468-86C36AF2F941}.Debug|Any CPU.Build.0 = Debug|Any CPU
		{A21CEBE8-9E60-4559-B468-86C36AF2F941}.Release|Any CPU.ActiveCfg = Release|Any CPU
		{A21CEBE8-9E60-4559-B468-86C36AF2F941}.Release|Any CPU.Build.0 = Release|Any CPU
		{BD786615-F538-437B-AEA2-32A7C8E3B103}.Debug|Any CPU.ActiveCfg = Debug|Any CPU
		{BD786615-F538-437B-AEA2-32A7C8E3B103}.Debug|Any CPU.Build.0 = Debug|Any CPU
		{BD786615-F538-437B-AEA2-32A7C8E3B103}.Release|Any CPU.ActiveCfg = Release|Any CPU
		{BD786615-F538-437B-AEA2-32A7C8E3B103}.Release|Any CPU.Build.0 = Release|Any CPU
		{A95DCACA-0D5C-4473-A609-124FD1B27930}.Debug|Any CPU.ActiveCfg = Debug|Any CPU
		{A95DCACA-0D5C-4473-A609-124FD1B27930}.Debug|Any CPU.Build.0 = Debug|Any CPU
		{A95DCACA-0D5C-4473-A609-124FD1B27930}.Release|Any CPU.ActiveCfg = Release|Any CPU
		{A95DCACA-0D5C-4473-A609-124FD1B27930}.Release|Any CPU.Build.0 = Release|Any CPU
	EndGlobalSection
	GlobalSection(SolutionProperties) = preSolution
		HideSolutionNode = FALSE
	EndGlobalSection
EndGlobal
