
Microsoft Visual Studio Solution File, Format Version 12.00
# Visual Studio 14
VisualStudioVersion = 14.0.25123.0
MinimumVisualStudioVersion = 10.0.40219.1
Project("{FAE04EC0-301F-11D3-BF4B-00C04F79EFBC}") = "Problem01", "Problem01\Problem01.csproj", "{2EC7152F-751A-4280-B802-C7E65DCF6F54}"
EndProject
Project("{FAE04EC0-301F-11D3-BF4B-00C04F79EFBC}") = "Problem02", "Problem02\Problem02.csproj", "{BEFCCCC2-A0C3-4732-BACA-F0B89434469D}"
EndProject
Project("{FAE04EC0-301F-11D3-BF4B-00C04F79EFBC}") = "Problem03", "Problem03\Problem03.csproj", "{B9E1BCAC-F33F-4192-8DCA-EADC911E5FC3}"
EndProject
Project("{FAE04EC0-301F-11D3-BF4B-00C04F79EFBC}") = "Problem04", "Problem04\Problem04.csproj", "{D2F9338B-51EE-48F9-8B47-81E590E4AD72}"
EndProject
Global
	GlobalSection(SolutionConfigurationPlatforms) = preSolution
		Debug|Any CPU = Debug|Any CPU
		Release|Any CPU = Release|Any CPU
	EndGlobalSection
	GlobalSection(ProjectConfigurationPlatforms) = postSolution
		{2EC7152F-751A-4280-B802-C7E65DCF6F54}.Debug|Any CPU.ActiveCfg = Debug|Any CPU
		{2EC7152F-751A-4280-B802-C7E65DCF6F54}.Debug|Any CPU.Build.0 = Debug|Any CPU
		{2EC7152F-751A-4280-B802-C7E65DCF6F54}.Release|Any CPU.ActiveCfg = Release|Any CPU
		{2EC7152F-751A-4280-B802-C7E65DCF6F54}.Release|Any CPU.Build.0 = Release|Any CPU
		{BEFCCCC2-A0C3-4732-BACA-F0B89434469D}.Debug|Any CPU.ActiveCfg = Debug|Any CPU
		{BEFCCCC2-A0C3-4732-BACA-F0B89434469D}.Debug|Any CPU.Build.0 = Debug|Any CPU
		{BEFCCCC2-A0C3-4732-BACA-F0B89434469D}.Release|Any CPU.ActiveCfg = Release|Any CPU
		{BEFCCCC2-A0C3-4732-BACA-F0B89434469D}.Release|Any CPU.Build.0 = Release|Any CPU
		{B9E1BCAC-F33F-4192-8DCA-EADC911E5FC3}.Debug|Any CPU.ActiveCfg = Debug|Any CPU
		{B9E1BCAC-F33F-4192-8DCA-EADC911E5FC3}.Debug|Any CPU.Build.0 = Debug|Any CPU
		{B9E1BCAC-F33F-4192-8DCA-EADC911E5FC3}.Release|Any CPU.ActiveCfg = Release|Any CPU
		{B9E1BCAC-F33F-4192-8DCA-EADC911E5FC3}.Release|Any CPU.Build.0 = Release|Any CPU
		{D2F9338B-51EE-48F9-8B47-81E590E4AD72}.Debug|Any CPU.ActiveCfg = Debug|Any CPU
		{D2F9338B-51EE-48F9-8B47-81E590E4AD72}.Debug|Any CPU.Build.0 = Debug|Any CPU
		{D2F9338B-51EE-48F9-8B47-81E590E4AD72}.Release|Any CPU.ActiveCfg = Release|Any CPU
		{D2F9338B-51EE-48F9-8B47-81E590E4AD72}.Release|Any CPU.Build.0 = Release|Any CPU
	EndGlobalSection
	GlobalSection(SolutionProperties) = preSolution
		HideSolutionNode = FALSE
	EndGlobalSection
EndGlobal
