
Microsoft Visual Studio Solution File, Format Version 12.00
# Visual Studio 14
VisualStudioVersion = 14.0.25123.0
MinimumVisualStudioVersion = 10.0.40219.1
Project("{FAE04EC0-301F-11D3-BF4B-00C04F79EFBC}") = "Problem01ReverseString", "Problem01ReverseString\Problem01ReverseString.csproj", "{E7EFB0F8-573B-4642-9328-D86B030C5036}"
EndProject
Project("{FAE04EC0-301F-11D3-BF4B-00C04F79EFBC}") = "Problem02StringLength", "Problem02StringLength\Problem02StringLength.csproj", "{91B7C906-0C2B-44F8-B242-6DF3804E8662}"
EndProject
Project("{FAE04EC0-301F-11D3-BF4B-00C04F79EFBC}") = "Problem03FormattingNumbers", "Problem03FormattingNumbers\Problem03FormattingNumbers.csproj", "{56311D7A-33F4-4083-BF7A-80063832F376}"
EndProject
Project("{FAE04EC0-301F-11D3-BF4B-00C04F79EFBC}") = "Problem04ConvertFromBase10ToBaseN", "Problem04ConvertFromBase10ToBaseN\Problem04ConvertFromBase10ToBaseN.csproj", "{547BD3EA-EFF0-4677-A001-212EEF41BEE6}"
EndProject
Global
	GlobalSection(SolutionConfigurationPlatforms) = preSolution
		Debug|Any CPU = Debug|Any CPU
		Release|Any CPU = Release|Any CPU
	EndGlobalSection
	GlobalSection(ProjectConfigurationPlatforms) = postSolution
		{E7EFB0F8-573B-4642-9328-D86B030C5036}.Debug|Any CPU.ActiveCfg = Debug|Any CPU
		{E7EFB0F8-573B-4642-9328-D86B030C5036}.Debug|Any CPU.Build.0 = Debug|Any CPU
		{E7EFB0F8-573B-4642-9328-D86B030C5036}.Release|Any CPU.ActiveCfg = Release|Any CPU
		{E7EFB0F8-573B-4642-9328-D86B030C5036}.Release|Any CPU.Build.0 = Release|Any CPU
		{91B7C906-0C2B-44F8-B242-6DF3804E8662}.Debug|Any CPU.ActiveCfg = Debug|Any CPU
		{91B7C906-0C2B-44F8-B242-6DF3804E8662}.Debug|Any CPU.Build.0 = Debug|Any CPU
		{91B7C906-0C2B-44F8-B242-6DF3804E8662}.Release|Any CPU.ActiveCfg = Release|Any CPU
		{91B7C906-0C2B-44F8-B242-6DF3804E8662}.Release|Any CPU.Build.0 = Release|Any CPU
		{56311D7A-33F4-4083-BF7A-80063832F376}.Debug|Any CPU.ActiveCfg = Debug|Any CPU
		{56311D7A-33F4-4083-BF7A-80063832F376}.Debug|Any CPU.Build.0 = Debug|Any CPU
		{56311D7A-33F4-4083-BF7A-80063832F376}.Release|Any CPU.ActiveCfg = Release|Any CPU
		{56311D7A-33F4-4083-BF7A-80063832F376}.Release|Any CPU.Build.0 = Release|Any CPU
		{547BD3EA-EFF0-4677-A001-212EEF41BEE6}.Debug|Any CPU.ActiveCfg = Debug|Any CPU
		{547BD3EA-EFF0-4677-A001-212EEF41BEE6}.Debug|Any CPU.Build.0 = Debug|Any CPU
		{547BD3EA-EFF0-4677-A001-212EEF41BEE6}.Release|Any CPU.ActiveCfg = Release|Any CPU
		{547BD3EA-EFF0-4677-A001-212EEF41BEE6}.Release|Any CPU.Build.0 = Release|Any CPU
	EndGlobalSection
	GlobalSection(SolutionProperties) = preSolution
		HideSolutionNode = FALSE
	EndGlobalSection
EndGlobal
