
Microsoft Visual Studio Solution File, Format Version 12.00
# Visual Studio 14
VisualStudioVersion = 14.0.24720.0
MinimumVisualStudioVersion = 10.0.40219.1
Project("{FAE04EC0-301F-11D3-BF4B-00C04F79EFBC}") = "01.ExchangeIfGreater", "01.ExchangeIfGreater\01.ExchangeIfGreater.csproj", "{1B7F4F1C-2A15-4F61-B830-AEFDB5455A86}"
EndProject
Project("{FAE04EC0-301F-11D3-BF4B-00C04F79EFBC}") = "02.BonusScore", "02.BonusScore\02.BonusScore.csproj", "{4B313434-DB7B-43B6-86E0-79A2B4A5FD25}"
EndProject
Project("{FAE04EC0-301F-11D3-BF4B-00C04F79EFBC}") = "03.CheckForAPlayCard", "03.CheckForAPlayCard\03.CheckForAPlayCard.csproj", "{AC3D1B33-23C9-462D-90CD-BDEB22709A90}"
EndProject
Project("{FAE04EC0-301F-11D3-BF4B-00C04F79EFBC}") = "04.MultiplicationSign", "04.MultiplicationSign\04.MultiplicationSign.csproj", "{959BAAED-DEB2-4445-A9A8-C667B050ED94}"
EndProject
Project("{FAE04EC0-301F-11D3-BF4B-00C04F79EFBC}") = "05.TheBiggestOf3Numbers", "05.TheBiggestOf3Numbers\05.TheBiggestOf3Numbers.csproj", "{327619B2-A64E-4921-B70C-2844583073B5}"
EndProject
Project("{FAE04EC0-301F-11D3-BF4B-00C04F79EFBC}") = "06.TheBiggestOf5Numbers", "06.TheBiggestOf5Numbers\06.TheBiggestOf5Numbers.csproj", "{EB63EAB2-EB8F-48BD-857B-C56F1170A572}"
EndProject
Project("{FAE04EC0-301F-11D3-BF4B-00C04F79EFBC}") = "07.Sort3Numbers", "07.Sort3Numbers\07.Sort3Numbers.csproj", "{B24EFDD6-D556-4AA2-A772-349477AC5CCB}"
EndProject
Project("{FAE04EC0-301F-11D3-BF4B-00C04F79EFBC}") = "08.DigitAsWord", "08.DigitAsWord\08.DigitAsWord.csproj", "{ADC5A1B3-95AF-4B2E-A039-FC0A6452733E}"
EndProject
Project("{FAE04EC0-301F-11D3-BF4B-00C04F79EFBC}") = "09.PlayWithIntDoubleAndString", "09.PlayWithIntDoubleAndString\09.PlayWithIntDoubleAndString.csproj", "{56A8AB30-093E-460A-9486-FCF631E3E1FB}"
EndProject
Project("{FAE04EC0-301F-11D3-BF4B-00C04F79EFBC}") = "10.BeerTime", "10.BeerTime\10.BeerTime.csproj", "{E057B2AF-DD37-4984-8DCD-C0EDE6BD11BB}"
EndProject
Project("{FAE04EC0-301F-11D3-BF4B-00C04F79EFBC}") = "11.NumberAsWords", "11.NumberAsWords\11.NumberAsWords.csproj", "{D954E04D-BC68-46DA-8B3B-CEC5AD47889C}"
EndProject
Project("{FAE04EC0-301F-11D3-BF4B-00C04F79EFBC}") = "12.ZeroSubset", "12.ZeroSubset\12.ZeroSubset.csproj", "{1FB560A6-447F-444F-A233-D29E9A15A44D}"
EndProject
Global
	GlobalSection(SolutionConfigurationPlatforms) = preSolution
		Debug|Any CPU = Debug|Any CPU
		Release|Any CPU = Release|Any CPU
	EndGlobalSection
	GlobalSection(ProjectConfigurationPlatforms) = postSolution
		{1B7F4F1C-2A15-4F61-B830-AEFDB5455A86}.Debug|Any CPU.ActiveCfg = Debug|Any CPU
		{1B7F4F1C-2A15-4F61-B830-AEFDB5455A86}.Debug|Any CPU.Build.0 = Debug|Any CPU
		{1B7F4F1C-2A15-4F61-B830-AEFDB5455A86}.Release|Any CPU.ActiveCfg = Release|Any CPU
		{1B7F4F1C-2A15-4F61-B830-AEFDB5455A86}.Release|Any CPU.Build.0 = Release|Any CPU
		{4B313434-DB7B-43B6-86E0-79A2B4A5FD25}.Debug|Any CPU.ActiveCfg = Debug|Any CPU
		{4B313434-DB7B-43B6-86E0-79A2B4A5FD25}.Debug|Any CPU.Build.0 = Debug|Any CPU
		{4B313434-DB7B-43B6-86E0-79A2B4A5FD25}.Release|Any CPU.ActiveCfg = Release|Any CPU
		{4B313434-DB7B-43B6-86E0-79A2B4A5FD25}.Release|Any CPU.Build.0 = Release|Any CPU
		{AC3D1B33-23C9-462D-90CD-BDEB22709A90}.Debug|Any CPU.ActiveCfg = Debug|Any CPU
		{AC3D1B33-23C9-462D-90CD-BDEB22709A90}.Debug|Any CPU.Build.0 = Debug|Any CPU
		{AC3D1B33-23C9-462D-90CD-BDEB22709A90}.Release|Any CPU.ActiveCfg = Release|Any CPU
		{AC3D1B33-23C9-462D-90CD-BDEB22709A90}.Release|Any CPU.Build.0 = Release|Any CPU
		{959BAAED-DEB2-4445-A9A8-C667B050ED94}.Debug|Any CPU.ActiveCfg = Debug|Any CPU
		{959BAAED-DEB2-4445-A9A8-C667B050ED94}.Debug|Any CPU.Build.0 = Debug|Any CPU
		{959BAAED-DEB2-4445-A9A8-C667B050ED94}.Release|Any CPU.ActiveCfg = Release|Any CPU
		{959BAAED-DEB2-4445-A9A8-C667B050ED94}.Release|Any CPU.Build.0 = Release|Any CPU
		{327619B2-A64E-4921-B70C-2844583073B5}.Debug|Any CPU.ActiveCfg = Debug|Any CPU
		{327619B2-A64E-4921-B70C-2844583073B5}.Debug|Any CPU.Build.0 = Debug|Any CPU
		{327619B2-A64E-4921-B70C-2844583073B5}.Release|Any CPU.ActiveCfg = Release|Any CPU
		{327619B2-A64E-4921-B70C-2844583073B5}.Release|Any CPU.Build.0 = Release|Any CPU
		{EB63EAB2-EB8F-48BD-857B-C56F1170A572}.Debug|Any CPU.ActiveCfg = Debug|Any CPU
		{EB63EAB2-EB8F-48BD-857B-C56F1170A572}.Debug|Any CPU.Build.0 = Debug|Any CPU
		{EB63EAB2-EB8F-48BD-857B-C56F1170A572}.Release|Any CPU.ActiveCfg = Release|Any CPU
		{EB63EAB2-EB8F-48BD-857B-C56F1170A572}.Release|Any CPU.Build.0 = Release|Any CPU
		{B24EFDD6-D556-4AA2-A772-349477AC5CCB}.Debug|Any CPU.ActiveCfg = Debug|Any CPU
		{B24EFDD6-D556-4AA2-A772-349477AC5CCB}.Debug|Any CPU.Build.0 = Debug|Any CPU
		{B24EFDD6-D556-4AA2-A772-349477AC5CCB}.Release|Any CPU.ActiveCfg = Release|Any CPU
		{B24EFDD6-D556-4AA2-A772-349477AC5CCB}.Release|Any CPU.Build.0 = Release|Any CPU
		{ADC5A1B3-95AF-4B2E-A039-FC0A6452733E}.Debug|Any CPU.ActiveCfg = Debug|Any CPU
		{ADC5A1B3-95AF-4B2E-A039-FC0A6452733E}.Debug|Any CPU.Build.0 = Debug|Any CPU
		{ADC5A1B3-95AF-4B2E-A039-FC0A6452733E}.Release|Any CPU.ActiveCfg = Release|Any CPU
		{ADC5A1B3-95AF-4B2E-A039-FC0A6452733E}.Release|Any CPU.Build.0 = Release|Any CPU
		{56A8AB30-093E-460A-9486-FCF631E3E1FB}.Debug|Any CPU.ActiveCfg = Debug|Any CPU
		{56A8AB30-093E-460A-9486-FCF631E3E1FB}.Debug|Any CPU.Build.0 = Debug|Any CPU
		{56A8AB30-093E-460A-9486-FCF631E3E1FB}.Release|Any CPU.ActiveCfg = Release|Any CPU
		{56A8AB30-093E-460A-9486-FCF631E3E1FB}.Release|Any CPU.Build.0 = Release|Any CPU
		{E057B2AF-DD37-4984-8DCD-C0EDE6BD11BB}.Debug|Any CPU.ActiveCfg = Debug|Any CPU
		{E057B2AF-DD37-4984-8DCD-C0EDE6BD11BB}.Debug|Any CPU.Build.0 = Debug|Any CPU
		{E057B2AF-DD37-4984-8DCD-C0EDE6BD11BB}.Release|Any CPU.ActiveCfg = Release|Any CPU
		{E057B2AF-DD37-4984-8DCD-C0EDE6BD11BB}.Release|Any CPU.Build.0 = Release|Any CPU
		{D954E04D-BC68-46DA-8B3B-CEC5AD47889C}.Debug|Any CPU.ActiveCfg = Debug|Any CPU
		{D954E04D-BC68-46DA-8B3B-CEC5AD47889C}.Debug|Any CPU.Build.0 = Debug|Any CPU
		{D954E04D-BC68-46DA-8B3B-CEC5AD47889C}.Release|Any CPU.ActiveCfg = Release|Any CPU
		{D954E04D-BC68-46DA-8B3B-CEC5AD47889C}.Release|Any CPU.Build.0 = Release|Any CPU
		{1FB560A6-447F-444F-A233-D29E9A15A44D}.Debug|Any CPU.ActiveCfg = Debug|Any CPU
		{1FB560A6-447F-444F-A233-D29E9A15A44D}.Debug|Any CPU.Build.0 = Debug|Any CPU
		{1FB560A6-447F-444F-A233-D29E9A15A44D}.Release|Any CPU.ActiveCfg = Release|Any CPU
		{1FB560A6-447F-444F-A233-D29E9A15A44D}.Release|Any CPU.Build.0 = Release|Any CPU
	EndGlobalSection
	GlobalSection(SolutionProperties) = preSolution
		HideSolutionNode = FALSE
	EndGlobalSection
EndGlobal
