
Microsoft Visual Studio Solution File, Format Version 12.00
# Visual Studio 14
VisualStudioVersion = 14.0.25123.0
MinimumVisualStudioVersion = 10.0.40219.1
Project("{FAE04EC0-301F-11D3-BF4B-00C04F79EFBC}") = "Problem01UniqueUsernames", "Problem01UniqueUsernames\Problem01UniqueUsernames.csproj", "{EE9A8849-D6BD-42C5-98A9-4158AC946F7F}"
EndProject
Project("{FAE04EC0-301F-11D3-BF4B-00C04F79EFBC}") = "Problem02SetsOfElements", "Problem02SetsOfElements\Problem02SetsOfElements.csproj", "{2E09D6A4-5737-4F60-85CC-EB9B9983D418}"
EndProject
Project("{FAE04EC0-301F-11D3-BF4B-00C04F79EFBC}") = "Problem03PeriodicTable", "Problem03PeriodicTable\Problem03PeriodicTable.csproj", "{1F6D2D61-D210-47B6-ACEC-74DF8FD11940}"
EndProject
Project("{FAE04EC0-301F-11D3-BF4B-00C04F79EFBC}") = "Problem04CountSymbols", "Problem04CountSymbols\Problem04CountSymbols.csproj", "{BCCC4954-DA15-48BA-B70F-16A2F9A9E136}"
EndProject
Project("{FAE04EC0-301F-11D3-BF4B-00C04F79EFBC}") = "Problem05Phonebook", "Problem05Phonebook\Problem05Phonebook.csproj", "{805A541C-F66D-40D8-9462-E30EB200AC50}"
EndProject
Project("{FAE04EC0-301F-11D3-BF4B-00C04F79EFBC}") = "Problem06AMinerTask", "Problem06AMinerTask\Problem06AMinerTask.csproj", "{0E84B748-C817-4508-BACD-35838BA80CD3}"
EndProject
Project("{FAE04EC0-301F-11D3-BF4B-00C04F79EFBC}") = "Problem07FixEmails", "Problem07FixEmails\Problem07FixEmails.csproj", "{BBB8A1F1-CA41-44D7-8280-8FBC41776BDA}"
EndProject
Project("{FAE04EC0-301F-11D3-BF4B-00C04F79EFBC}") = "Problem08HandsOfCards", "Problem08HandsOfCards\Problem08HandsOfCards.csproj", "{63F58884-DFFC-4331-B3D6-819C349FF607}"
EndProject
Global
	GlobalSection(SolutionConfigurationPlatforms) = preSolution
		Debug|Any CPU = Debug|Any CPU
		Release|Any CPU = Release|Any CPU
	EndGlobalSection
	GlobalSection(ProjectConfigurationPlatforms) = postSolution
		{EE9A8849-D6BD-42C5-98A9-4158AC946F7F}.Debug|Any CPU.ActiveCfg = Debug|Any CPU
		{EE9A8849-D6BD-42C5-98A9-4158AC946F7F}.Debug|Any CPU.Build.0 = Debug|Any CPU
		{EE9A8849-D6BD-42C5-98A9-4158AC946F7F}.Release|Any CPU.ActiveCfg = Release|Any CPU
		{EE9A8849-D6BD-42C5-98A9-4158AC946F7F}.Release|Any CPU.Build.0 = Release|Any CPU
		{2E09D6A4-5737-4F60-85CC-EB9B9983D418}.Debug|Any CPU.ActiveCfg = Debug|Any CPU
		{2E09D6A4-5737-4F60-85CC-EB9B9983D418}.Debug|Any CPU.Build.0 = Debug|Any CPU
		{2E09D6A4-5737-4F60-85CC-EB9B9983D418}.Release|Any CPU.ActiveCfg = Release|Any CPU
		{2E09D6A4-5737-4F60-85CC-EB9B9983D418}.Release|Any CPU.Build.0 = Release|Any CPU
		{1F6D2D61-D210-47B6-ACEC-74DF8FD11940}.Debug|Any CPU.ActiveCfg = Debug|Any CPU
		{1F6D2D61-D210-47B6-ACEC-74DF8FD11940}.Debug|Any CPU.Build.0 = Debug|Any CPU
		{1F6D2D61-D210-47B6-ACEC-74DF8FD11940}.Release|Any CPU.ActiveCfg = Release|Any CPU
		{1F6D2D61-D210-47B6-ACEC-74DF8FD11940}.Release|Any CPU.Build.0 = Release|Any CPU
		{BCCC4954-DA15-48BA-B70F-16A2F9A9E136}.Debug|Any CPU.ActiveCfg = Debug|Any CPU
		{BCCC4954-DA15-48BA-B70F-16A2F9A9E136}.Debug|Any CPU.Build.0 = Debug|Any CPU
		{BCCC4954-DA15-48BA-B70F-16A2F9A9E136}.Release|Any CPU.ActiveCfg = Release|Any CPU
		{BCCC4954-DA15-48BA-B70F-16A2F9A9E136}.Release|Any CPU.Build.0 = Release|Any CPU
		{805A541C-F66D-40D8-9462-E30EB200AC50}.Debug|Any CPU.ActiveCfg = Debug|Any CPU
		{805A541C-F66D-40D8-9462-E30EB200AC50}.Debug|Any CPU.Build.0 = Debug|Any CPU
		{805A541C-F66D-40D8-9462-E30EB200AC50}.Release|Any CPU.ActiveCfg = Release|Any CPU
		{805A541C-F66D-40D8-9462-E30EB200AC50}.Release|Any CPU.Build.0 = Release|Any CPU
		{0E84B748-C817-4508-BACD-35838BA80CD3}.Debug|Any CPU.ActiveCfg = Debug|Any CPU
		{0E84B748-C817-4508-BACD-35838BA80CD3}.Debug|Any CPU.Build.0 = Debug|Any CPU
		{0E84B748-C817-4508-BACD-35838BA80CD3}.Release|Any CPU.ActiveCfg = Release|Any CPU
		{0E84B748-C817-4508-BACD-35838BA80CD3}.Release|Any CPU.Build.0 = Release|Any CPU
		{BBB8A1F1-CA41-44D7-8280-8FBC41776BDA}.Debug|Any CPU.ActiveCfg = Debug|Any CPU
		{BBB8A1F1-CA41-44D7-8280-8FBC41776BDA}.Debug|Any CPU.Build.0 = Debug|Any CPU
		{BBB8A1F1-CA41-44D7-8280-8FBC41776BDA}.Release|Any CPU.ActiveCfg = Release|Any CPU
		{BBB8A1F1-CA41-44D7-8280-8FBC41776BDA}.Release|Any CPU.Build.0 = Release|Any CPU
		{63F58884-DFFC-4331-B3D6-819C349FF607}.Debug|Any CPU.ActiveCfg = Debug|Any CPU
		{63F58884-DFFC-4331-B3D6-819C349FF607}.Debug|Any CPU.Build.0 = Debug|Any CPU
		{63F58884-DFFC-4331-B3D6-819C349FF607}.Release|Any CPU.ActiveCfg = Release|Any CPU
		{63F58884-DFFC-4331-B3D6-819C349FF607}.Release|Any CPU.Build.0 = Release|Any CPU
	EndGlobalSection
	GlobalSection(SolutionProperties) = preSolution
		HideSolutionNode = FALSE
	EndGlobalSection
EndGlobal
